
Microsoft Visual Studio Solution File, Format Version 12.00
Project("{FAE04EC0-301F-11D3-BF4B-00C04F79EFBC}") = "Gpiot", "Gpiot\Gpiot.csproj", "{688850DE-2037-45ED-BC87-010EA7544F15}"
EndProject
Global
	GlobalSection(SolutionConfigurationPlatforms) = preSolution
		Debug|Any CPU = Debug|Any CPU
		Release|Any CPU = Release|Any CPU
	EndGlobalSection
	GlobalSection(ProjectConfigurationPlatforms) = postSolution
		{688850DE-2037-45ED-BC87-010EA7544F15}.Debug|Any CPU.ActiveCfg = Debug|Any CPU
		{688850DE-2037-45ED-BC87-010EA7544F15}.Debug|Any CPU.Build.0 = Debug|Any CPU
		{688850DE-2037-45ED-BC87-010EA7544F15}.Release|Any CPU.ActiveCfg = Release|Any CPU
		{688850DE-2037-45ED-BC87-010EA7544F15}.Release|Any CPU.Build.0 = Release|Any CPU
	EndGlobalSection
EndGlobal
